
Microsoft Visual Studio Solution File, Format Version 12.00
# Visual Studio Version 17
VisualStudioVersion = 17.0.31903.59
MinimumVisualStudioVersion = 10.0.40219.1
Project("{2150E333-8FDC-42A3-9474-1A3956D46DE8}") = "src", "src", "{379002D1-F999-41D8-8348-51BAFE04C9C5}"
EndProject
Project("{FAE04EC0-301F-11D3-BF4B-00C04F79EFBC}") = "FradiusDomain", "src\FradiusDomain\FradiusDomain.csproj", "{119DF24A-ED5F-444E-8C7F-7F66E7D6F54C}"
EndProject
Project("{2150E333-8FDC-42A3-9474-1A3956D46DE8}") = "tests", "tests", "{DC1DE628-2B24-41DC-9A88-06E837061E30}"
EndProject
Project("{FAE04EC0-301F-11D3-BF4B-00C04F79EFBC}") = "FradiusDomainUnitTests", "tests\FradiusDomainUnitTests\FradiusDomainUnitTests.csproj", "{9599EC68-1886-47BE-8C7F-A03E53E9E48B}"
EndProject
Project("{FAE04EC0-301F-11D3-BF4B-00C04F79EFBC}") = "Common", "src\Common\Common.csproj", "{FB9A4823-7376-4216-A175-624E281AF6C8}"
EndProject
Project("{FAE04EC0-301F-11D3-BF4B-00C04F79EFBC}") = "Crypt", "src\Crypt\Crypt.csproj", "{720C6170-4154-4343-9BA8-B6C9C9C191D5}"
EndProject
Project("{FAE04EC0-301F-11D3-BF4B-00C04F79EFBC}") = "CryptUnitTests", "tests\CryptUnitTests\CryptUnitTests.csproj", "{74D45CEE-C93E-401E-9151-8B3E2138F780}"
EndProject
Project("{FAE04EC0-301F-11D3-BF4B-00C04F79EFBC}") = "FradiusMigration", "src\FradiusMigration\FradiusMigration.csproj", "{1DD8D962-D736-4D55-B285-A72372361180}"
EndProject
Project("{FAE04EC0-301F-11D3-BF4B-00C04F79EFBC}") = "FradiusInfrastructure", "src\FradiusInfrastructure\FradiusInfrastructure.csproj", "{8D60E005-14D9-40FB-BCC5-D1E7CEE7AB92}"
EndProject
Project("{FAE04EC0-301F-11D3-BF4B-00C04F79EFBC}") = "CommonDomain", "src\CommonDomain\CommonDomain.csproj", "{4219D925-EF6E-4673-9790-8D811C7025BB}"
EndProject
Global
	GlobalSection(SolutionConfigurationPlatforms) = preSolution
		Debug|Any CPU = Debug|Any CPU
		Release|Any CPU = Release|Any CPU
	EndGlobalSection
	GlobalSection(SolutionProperties) = preSolution
		HideSolutionNode = FALSE
	EndGlobalSection
	GlobalSection(ProjectConfigurationPlatforms) = postSolution
		{119DF24A-ED5F-444E-8C7F-7F66E7D6F54C}.Debug|Any CPU.ActiveCfg = Debug|Any CPU
		{119DF24A-ED5F-444E-8C7F-7F66E7D6F54C}.Debug|Any CPU.Build.0 = Debug|Any CPU
		{119DF24A-ED5F-444E-8C7F-7F66E7D6F54C}.Release|Any CPU.ActiveCfg = Release|Any CPU
		{119DF24A-ED5F-444E-8C7F-7F66E7D6F54C}.Release|Any CPU.Build.0 = Release|Any CPU
		{9599EC68-1886-47BE-8C7F-A03E53E9E48B}.Debug|Any CPU.ActiveCfg = Debug|Any CPU
		{9599EC68-1886-47BE-8C7F-A03E53E9E48B}.Debug|Any CPU.Build.0 = Debug|Any CPU
		{9599EC68-1886-47BE-8C7F-A03E53E9E48B}.Release|Any CPU.ActiveCfg = Release|Any CPU
		{9599EC68-1886-47BE-8C7F-A03E53E9E48B}.Release|Any CPU.Build.0 = Release|Any CPU
		{FB9A4823-7376-4216-A175-624E281AF6C8}.Debug|Any CPU.ActiveCfg = Debug|Any CPU
		{FB9A4823-7376-4216-A175-624E281AF6C8}.Debug|Any CPU.Build.0 = Debug|Any CPU
		{FB9A4823-7376-4216-A175-624E281AF6C8}.Release|Any CPU.ActiveCfg = Release|Any CPU
		{FB9A4823-7376-4216-A175-624E281AF6C8}.Release|Any CPU.Build.0 = Release|Any CPU
		{720C6170-4154-4343-9BA8-B6C9C9C191D5}.Debug|Any CPU.ActiveCfg = Debug|Any CPU
		{720C6170-4154-4343-9BA8-B6C9C9C191D5}.Debug|Any CPU.Build.0 = Debug|Any CPU
		{720C6170-4154-4343-9BA8-B6C9C9C191D5}.Release|Any CPU.ActiveCfg = Release|Any CPU
		{720C6170-4154-4343-9BA8-B6C9C9C191D5}.Release|Any CPU.Build.0 = Release|Any CPU
		{74D45CEE-C93E-401E-9151-8B3E2138F780}.Debug|Any CPU.ActiveCfg = Debug|Any CPU
		{74D45CEE-C93E-401E-9151-8B3E2138F780}.Debug|Any CPU.Build.0 = Debug|Any CPU
		{74D45CEE-C93E-401E-9151-8B3E2138F780}.Release|Any CPU.ActiveCfg = Release|Any CPU
		{74D45CEE-C93E-401E-9151-8B3E2138F780}.Release|Any CPU.Build.0 = Release|Any CPU
		{1DD8D962-D736-4D55-B285-A72372361180}.Debug|Any CPU.ActiveCfg = Debug|Any CPU
		{1DD8D962-D736-4D55-B285-A72372361180}.Debug|Any CPU.Build.0 = Debug|Any CPU
		{1DD8D962-D736-4D55-B285-A72372361180}.Release|Any CPU.ActiveCfg = Release|Any CPU
		{1DD8D962-D736-4D55-B285-A72372361180}.Release|Any CPU.Build.0 = Release|Any CPU
		{8D60E005-14D9-40FB-BCC5-D1E7CEE7AB92}.Debug|Any CPU.ActiveCfg = Debug|Any CPU
		{8D60E005-14D9-40FB-BCC5-D1E7CEE7AB92}.Debug|Any CPU.Build.0 = Debug|Any CPU
		{8D60E005-14D9-40FB-BCC5-D1E7CEE7AB92}.Release|Any CPU.ActiveCfg = Release|Any CPU
		{8D60E005-14D9-40FB-BCC5-D1E7CEE7AB92}.Release|Any CPU.Build.0 = Release|Any CPU
		{4219D925-EF6E-4673-9790-8D811C7025BB}.Debug|Any CPU.ActiveCfg = Debug|Any CPU
		{4219D925-EF6E-4673-9790-8D811C7025BB}.Debug|Any CPU.Build.0 = Debug|Any CPU
		{4219D925-EF6E-4673-9790-8D811C7025BB}.Release|Any CPU.ActiveCfg = Release|Any CPU
		{4219D925-EF6E-4673-9790-8D811C7025BB}.Release|Any CPU.Build.0 = Release|Any CPU
	EndGlobalSection
	GlobalSection(NestedProjects) = preSolution
		{119DF24A-ED5F-444E-8C7F-7F66E7D6F54C} = {379002D1-F999-41D8-8348-51BAFE04C9C5}
		{9599EC68-1886-47BE-8C7F-A03E53E9E48B} = {DC1DE628-2B24-41DC-9A88-06E837061E30}
		{FB9A4823-7376-4216-A175-624E281AF6C8} = {379002D1-F999-41D8-8348-51BAFE04C9C5}
		{720C6170-4154-4343-9BA8-B6C9C9C191D5} = {379002D1-F999-41D8-8348-51BAFE04C9C5}
		{74D45CEE-C93E-401E-9151-8B3E2138F780} = {DC1DE628-2B24-41DC-9A88-06E837061E30}
		{1DD8D962-D736-4D55-B285-A72372361180} = {379002D1-F999-41D8-8348-51BAFE04C9C5}
		{8D60E005-14D9-40FB-BCC5-D1E7CEE7AB92} = {379002D1-F999-41D8-8348-51BAFE04C9C5}
		{4219D925-EF6E-4673-9790-8D811C7025BB} = {379002D1-F999-41D8-8348-51BAFE04C9C5}
	EndGlobalSection
EndGlobal
